<?xml version="1.0" encoding="utf-8"?>
<Project ToolsVersion="4.0" xmlns="http://schemas.microsoft.com/developer/msbuild/2003">
  <ItemGroup>
    <Filter Include="Utilities">
      <UniqueIdentifier>{bfbee55b-fab1-4892-a5a3-455dd2de36a3}</UniqueIdentifier>
    </Filter>
    <Filter Include="Architecture">
      <UniqueIdentifier>{18d6f2e3-3b83-46d2-b141-d4b89818f85a}</UniqueIdentifier>
    </Filter>
    <Filter Include="Main">
      <UniqueIdentifier>{31337077-62e7-47fc-9418-dc423b128e78}</UniqueIdentifier>
    </Filter>
  </ItemGroup>
  <ItemGroup>
    <ClCompile Include="src\Architecture\CPU.cpp">
      <Filter>Architecture</Filter>
    </ClCompile>
    <ClCompile Include="src\Architecture\BIOS.cpp">
      <Filter>Architecture</Filter>
    </ClCompile>
    <ClCompile Include="src\Main\main.cpp">
      <Filter>Main</Filter>
    </ClCompile>
    <ClCompile Include="src\Architecture\Interconnect.cpp">
      <Filter>Architecture</Filter>
    </ClCompile>
    <ClCompile Include="src\Architecture\Ram.cpp">
      <Filter>Architecture</Filter>
    </ClCompile>
  </ItemGroup>
  <ItemGroup>
    <ClInclude Include="src\Architecture\BIOS.h">
      <Filter>Architecture</Filter>
    </ClInclude>
    <ClInclude Include="src\Architecture\CPU.h">
      <Filter>Architecture</Filter>
    </ClInclude>
    <ClInclude Include="src\Utilities\Constants.h">
      <Filter>Utilities</Filter>
    </ClInclude>
    <ClInclude Include="src\Architecture\Interconnect.h">
      <Filter>Architecture</Filter>
    </ClInclude>
    <ClInclude Include="src\Utilities\Range.h">
      <Filter>Utilities</Filter>
    </ClInclude>
    <ClInclude Include="src\Utilities\Instruction.h">
      <Filter>Utilities</Filter>
    </ClInclude>
    <ClInclude Include="src\Utilities\OpUtilities.h">
      <Filter>Utilities</Filter>
    </ClInclude>
    <ClInclude Include="src\Architecture\Ram.h">
      <Filter>Architecture</Filter>
    </ClInclude>
    <ClInclude Include="src\Utilities\Utils.h">
      <Filter>Utilities</Filter>
    </ClInclude>
  </ItemGroup>
</Project>